<Solution>
  <Folder Name="/Solution Items/">
    <File Path=".editorconfig" />
  </Folder>
  <Project Path="PingAFreelancerAPI/PingAFreelancerAPI.csproj" />
  <Project Path="PingAFreelancerApplication/PingAFreelancerApplication.csproj" Id="a059b11b-33d1-4c4a-8d04-711e70f351fb" />
  <Project Path="PingAFreelancerContracts/PingAFreelancerContracts.csproj" Id="c92559fa-2c71-4e39-9115-f300951a0561" />
</Solution>
